
Microsoft Visual Studio Solution File, Format Version 12.00
Project("{FAE04EC0-301F-11D3-BF4B-00C04F79EFBC}") = "CollegeEventsApi", "CollegeEventsApi\CollegeEventsApi.csproj", "{1D397031-E35D-46C2-ACE6-F1062D7D770A}"
EndProject
Global
	GlobalSection(SolutionConfigurationPlatforms) = preSolution
		Debug|Any CPU = Debug|Any CPU
		Release|Any CPU = Release|Any CPU
	EndGlobalSection
	GlobalSection(ProjectConfigurationPlatforms) = postSolution
		{1D397031-E35D-46C2-ACE6-F1062D7D770A}.Debug|Any CPU.ActiveCfg = Debug|Any CPU
		{1D397031-E35D-46C2-ACE6-F1062D7D770A}.Debug|Any CPU.Build.0 = Debug|Any CPU
		{1D397031-E35D-46C2-ACE6-F1062D7D770A}.Release|Any CPU.ActiveCfg = Release|Any CPU
		{1D397031-E35D-46C2-ACE6-F1062D7D770A}.Release|Any CPU.Build.0 = Release|Any CPU
	EndGlobalSection
EndGlobal
